// !$*UTF8*$!
{
	archiveVersion = 1;
	classes = {
	};
	objectVersion = 56;
	objects = {

/* Begin PBXBuildFile section */
		3404B5002A1F640F00EBD2D8 /* Double+Int.swift in Sources */ = {isa = PBXBuildFile; fileRef = 3404B4FF2A1F640F00EBD2D8 /* Double+Int.swift */; };
		349564182A0D17DB00F3E0A2 /* AppDelegate.swift in Sources */ = {isa = PBXBuildFile; fileRef = 349564172A0D17DB00F3E0A2 /* AppDelegate.swift */; };
		3495641A2A0D17DB00F3E0A2 /* SceneDelegate.swift in Sources */ = {isa = PBXBuildFile; fileRef = 349564192A0D17DB00F3E0A2 /* SceneDelegate.swift */; };
		3495641C2A0D17DB00F3E0A2 /* WelcomeViewController.swift in Sources */ = {isa = PBXBuildFile; fileRef = 3495641B2A0D17DB00F3E0A2 /* WelcomeViewController.swift */; };
		3495641F2A0D17DB00F3E0A2 /* Main.storyboard in Resources */ = {isa = PBXBuildFile; fileRef = 3495641D2A0D17DB00F3E0A2 /* Main.storyboard */; };
		349564212A0D17DD00F3E0A2 /* Assets.xcassets in Resources */ = {isa = PBXBuildFile; fileRef = 349564202A0D17DD00F3E0A2 /* Assets.xcassets */; };
		349564242A0D17DD00F3E0A2 /* LaunchScreen.storyboard in Resources */ = {isa = PBXBuildFile; fileRef = 349564222A0D17DD00F3E0A2 /* LaunchScreen.storyboard */; };
		3497E3972A0E1FBB0048F8BE /* WeatherViewController.swift in Sources */ = {isa = PBXBuildFile; fileRef = 3497E3962A0E1FBB0048F8BE /* WeatherViewController.swift */; };
		3497E3992A0E214B0048F8BE /* NetworkManager.swift in Sources */ = {isa = PBXBuildFile; fileRef = 3497E3982A0E214B0048F8BE /* NetworkManager.swift */; };
		3497E39B2A0E25B30048F8BE /* WeatherData.swift in Sources */ = {isa = PBXBuildFile; fileRef = 3497E39A2A0E25B30048F8BE /* WeatherData.swift */; };
		3497E39D2A0E2A8D0048F8BE /* CityData.swift in Sources */ = {isa = PBXBuildFile; fileRef = 3497E39C2A0E2A8D0048F8BE /* CityData.swift */; };
		3497E39F2A0E2B9C0048F8BE /* WeatherViewModel.swift in Sources */ = {isa = PBXBuildFile; fileRef = 3497E39E2A0E2B9C0048F8BE /* WeatherViewModel.swift */; };
		34AA73292A12288D0033D554 /* CellData.swift in Sources */ = {isa = PBXBuildFile; fileRef = 34AA73282A12288D0033D554 /* CellData.swift */; };
		CF30B83143C600619BB1011D /* Pods_WeatherRecruitmentTask.framework in Frameworks */ = {isa = PBXBuildFile; fileRef = 2C413BBF7AA6D2346672A712 /* Pods_WeatherRecruitmentTask.framework */; };
/* End PBXBuildFile section */

/* Begin PBXFileReference section */
		0EFDA7768C86D9CB4BA7649D /* Pods-WeatherRecruitmentTask.debug.xcconfig */ = {isa = PBXFileReference; includeInIndex = 1; lastKnownFileType = text.xcconfig; name = "Pods-WeatherRecruitmentTask.debug.xcconfig"; path = "Target Support Files/Pods-WeatherRecruitmentTask/Pods-WeatherRecruitmentTask.debug.xcconfig"; sourceTree = "<group>"; };
		2C413BBF7AA6D2346672A712 /* Pods_WeatherRecruitmentTask.framework */ = {isa = PBXFileReference; explicitFileType = wrapper.framework; includeInIndex = 0; path = Pods_WeatherRecruitmentTask.framework; sourceTree = BUILT_PRODUCTS_DIR; };
		3404B4FF2A1F640F00EBD2D8 /* Double+Int.swift */ = {isa = PBXFileReference; lastKnownFileType = sourcecode.swift; path = "Double+Int.swift"; sourceTree = "<group>"; };
		349564142A0D17DB00F3E0A2 /* WeatherRecruitmentTask.app */ = {isa = PBXFileReference; explicitFileType = wrapper.application; includeInIndex = 0; path = WeatherRecruitmentTask.app; sourceTree = BUILT_PRODUCTS_DIR; };
		349564172A0D17DB00F3E0A2 /* AppDelegate.swift */ = {isa = PBXFileReference; lastKnownFileType = sourcecode.swift; path = AppDelegate.swift; sourceTree = "<group>"; };
		349564192A0D17DB00F3E0A2 /* SceneDelegate.swift */ = {isa = PBXFileReference; lastKnownFileType = sourcecode.swift; path = SceneDelegate.swift; sourceTree = "<group>"; };
		3495641B2A0D17DB00F3E0A2 /* WelcomeViewController.swift */ = {isa = PBXFileReference; lastKnownFileType = sourcecode.swift; path = WelcomeViewController.swift; sourceTree = "<group>"; };
		3495641E2A0D17DB00F3E0A2 /* Base */ = {isa = PBXFileReference; lastKnownFileType = file.storyboard; name = Base; path = Base.lproj/Main.storyboard; sourceTree = "<group>"; };
		349564202A0D17DD00F3E0A2 /* Assets.xcassets */ = {isa = PBXFileReference; lastKnownFileType = folder.assetcatalog; path = Assets.xcassets; sourceTree = "<group>"; };
		349564232A0D17DD00F3E0A2 /* Base */ = {isa = PBXFileReference; lastKnownFileType = file.storyboard; name = Base; path = Base.lproj/LaunchScreen.storyboard; sourceTree = "<group>"; };
		349564252A0D17DD00F3E0A2 /* Info.plist */ = {isa = PBXFileReference; lastKnownFileType = text.plist.xml; path = Info.plist; sourceTree = "<group>"; };
		3497E3962A0E1FBB0048F8BE /* WeatherViewController.swift */ = {isa = PBXFileReference; lastKnownFileType = sourcecode.swift; path = WeatherViewController.swift; sourceTree = "<group>"; };
		3497E3982A0E214B0048F8BE /* NetworkManager.swift */ = {isa = PBXFileReference; lastKnownFileType = sourcecode.swift; path = NetworkManager.swift; sourceTree = "<group>"; };
		3497E39A2A0E25B30048F8BE /* WeatherData.swift */ = {isa = PBXFileReference; lastKnownFileType = sourcecode.swift; path = WeatherData.swift; sourceTree = "<group>"; };
		3497E39C2A0E2A8D0048F8BE /* CityData.swift */ = {isa = PBXFileReference; lastKnownFileType = sourcecode.swift; path = CityData.swift; sourceTree = "<group>"; };
		3497E39E2A0E2B9C0048F8BE /* WeatherViewModel.swift */ = {isa = PBXFileReference; lastKnownFileType = sourcecode.swift; path = WeatherViewModel.swift; sourceTree = "<group>"; };
		34AA73282A12288D0033D554 /* CellData.swift */ = {isa = PBXFileReference; lastKnownFileType = sourcecode.swift; path = CellData.swift; sourceTree = "<group>"; };
		C53AF2DF24A07574BB56F2CF /* Pods-WeatherRecruitmentTask.release.xcconfig */ = {isa = PBXFileReference; includeInIndex = 1; lastKnownFileType = text.xcconfig; name = "Pods-WeatherRecruitmentTask.release.xcconfig"; path = "Target Support Files/Pods-WeatherRecruitmentTask/Pods-WeatherRecruitmentTask.release.xcconfig"; sourceTree = "<group>"; };
/* End PBXFileReference section */

/* Begin PBXFrameworksBuildPhase section */
		349564112A0D17DB00F3E0A2 /* Frameworks */ = {
			isa = PBXFrameworksBuildPhase;
			buildActionMask = 2147483647;
			files = (
				CF30B83143C600619BB1011D /* Pods_WeatherRecruitmentTask.framework in Frameworks */,
			);
			runOnlyForDeploymentPostprocessing = 0;
		};
/* End PBXFrameworksBuildPhase section */

/* Begin PBXGroup section */
		3404B4FE2A1F63EC00EBD2D8 /* Extensions */ = {
			isa = PBXGroup;
			children = (
				3404B4FF2A1F640F00EBD2D8 /* Double+Int.swift */,
			);
			path = Extensions;
			sourceTree = "<group>";
		};
		3495640B2A0D17DB00F3E0A2 = {
			isa = PBXGroup;
			children = (
				349564162A0D17DB00F3E0A2 /* WeatherRecruitmentTask */,
				349564152A0D17DB00F3E0A2 /* Products */,
				EE84BA706A1899AFA3648EC5 /* Pods */,
				60B0F3CBFAE0C2EA82F54862 /* Frameworks */,
			);
			sourceTree = "<group>";
		};
		349564152A0D17DB00F3E0A2 /* Products */ = {
			isa = PBXGroup;
			children = (
				349564142A0D17DB00F3E0A2 /* WeatherRecruitmentTask.app */,
			);
			name = Products;
			sourceTree = "<group>";
		};
		349564162A0D17DB00F3E0A2 /* WeatherRecruitmentTask */ = {
			isa = PBXGroup;
			children = (
				349564172A0D17DB00F3E0A2 /* AppDelegate.swift */,
				349564192A0D17DB00F3E0A2 /* SceneDelegate.swift */,
				3497E3A22A0E35880048F8BE /* View */,
				3497E3A12A0E357E0048F8BE /* ViewModel */,
				3497E3A02A0E35750048F8BE /* Model */,
				3404B4FE2A1F63EC00EBD2D8 /* Extensions */,
				3495641D2A0D17DB00F3E0A2 /* Main.storyboard */,
				349564202A0D17DD00F3E0A2 /* Assets.xcassets */,
				349564222A0D17DD00F3E0A2 /* LaunchScreen.storyboard */,
				349564252A0D17DD00F3E0A2 /* Info.plist */,
			);
			path = WeatherRecruitmentTask;
			sourceTree = "<group>";
		};
		3497E3A02A0E35750048F8BE /* Model */ = {
			isa = PBXGroup;
			children = (
				3497E3982A0E214B0048F8BE /* NetworkManager.swift */,
				3497E39A2A0E25B30048F8BE /* WeatherData.swift */,
				3497E39C2A0E2A8D0048F8BE /* CityData.swift */,
				34AA73282A12288D0033D554 /* CellData.swift */,
			);
			path = Model;
			sourceTree = "<group>";
		};
		3497E3A12A0E357E0048F8BE /* ViewModel */ = {
			isa = PBXGroup;
			children = (
				3497E39E2A0E2B9C0048F8BE /* WeatherViewModel.swift */,
			);
			path = ViewModel;
			sourceTree = "<group>";
		};
		3497E3A22A0E35880048F8BE /* View */ = {
			isa = PBXGroup;
			children = (
				3495641B2A0D17DB00F3E0A2 /* WelcomeViewController.swift */,
				3497E3962A0E1FBB0048F8BE /* WeatherViewController.swift */,
			);
			path = View;
			sourceTree = "<group>";
		};
		60B0F3CBFAE0C2EA82F54862 /* Frameworks */ = {
			isa = PBXGroup;
			children = (
				2C413BBF7AA6D2346672A712 /* Pods_WeatherRecruitmentTask.framework */,
			);
			name = Frameworks;
			sourceTree = "<group>";
		};
		EE84BA706A1899AFA3648EC5 /* Pods */ = {
			isa = PBXGroup;
			children = (
				0EFDA7768C86D9CB4BA7649D /* Pods-WeatherRecruitmentTask.debug.xcconfig */,
				C53AF2DF24A07574BB56F2CF /* Pods-WeatherRecruitmentTask.release.xcconfig */,
			);
			path = Pods;
			sourceTree = "<group>";
		};
/* End PBXGroup section */

/* Begin PBXNativeTarget section */
		349564132A0D17DB00F3E0A2 /* WeatherRecruitmentTask */ = {
			isa = PBXNativeTarget;
			buildConfigurationList = 349564282A0D17DD00F3E0A2 /* Build configuration list for PBXNativeTarget "WeatherRecruitmentTask" */;
			buildPhases = (
				54CEC03351D448973A9CB674 /* [CP] Check Pods Manifest.lock */,
				349564102A0D17DB00F3E0A2 /* Sources */,
				349564112A0D17DB00F3E0A2 /* Frameworks */,
				349564122A0D17DB00F3E0A2 /* Resources */,
				05774E4134499D86D87A191E /* [CP] Embed Pods Frameworks */,
			);
			buildRules = (
			);
			dependencies = (
			);
			name = WeatherRecruitmentTask;
			productName = WeatherRecruitmentTask;
			productReference = 349564142A0D17DB00F3E0A2 /* WeatherRecruitmentTask.app */;
			productType = "com.apple.product-type.application";
		};
/* End PBXNativeTarget section */

/* Begin PBXProject section */
		3495640C2A0D17DB00F3E0A2 /* Project object */ = {
			isa = PBXProject;
			attributes = {
				BuildIndependentTargetsInParallel = 1;
				LastSwiftUpdateCheck = 1430;
				LastUpgradeCheck = 1430;
				TargetAttributes = {
					349564132A0D17DB00F3E0A2 = {
						CreatedOnToolsVersion = 14.3;
					};
				};
			};
			buildConfigurationList = 3495640F2A0D17DB00F3E0A2 /* Build configuration list for PBXProject "WeatherRecruitmentTask" */;
			compatibilityVersion = "Xcode 14.0";
			developmentRegion = en;
			hasScannedForEncodings = 0;
			knownRegions = (
				en,
				Base,
			);
			mainGroup = 3495640B2A0D17DB00F3E0A2;
			productRefGroup = 349564152A0D17DB00F3E0A2 /* Products */;
			projectDirPath = "";
			projectRoot = "";
			targets = (
				349564132A0D17DB00F3E0A2 /* WeatherRecruitmentTask */,
			);
		};
/* End PBXProject section */

/* Begin PBXResourcesBuildPhase section */
		349564122A0D17DB00F3E0A2 /* Resources */ = {
			isa = PBXResourcesBuildPhase;
			buildActionMask = 2147483647;
			files = (
				349564242A0D17DD00F3E0A2 /* LaunchScreen.storyboard in Resources */,
				349564212A0D17DD00F3E0A2 /* Assets.xcassets in Resources */,
				3495641F2A0D17DB00F3E0A2 /* Main.storyboard in Resources */,
			);
			runOnlyForDeploymentPostprocessing = 0;
		};
/* End PBXResourcesBuildPhase section */

/* Begin PBXShellScriptBuildPhase section */
		05774E4134499D86D87A191E /* [CP] Embed Pods Frameworks */ = {
			isa = PBXShellScriptBuildPhase;
			buildActionMask = 2147483647;
			files = (
			);
			inputFileListPaths = (
				"${PODS_ROOT}/Target Support Files/Pods-WeatherRecruitmentTask/Pods-WeatherRecruitmentTask-frameworks-${CONFIGURATION}-input-files.xcfilelist",
			);
			name = "[CP] Embed Pods Frameworks";
			outputFileListPaths = (
				"${PODS_ROOT}/Target Support Files/Pods-WeatherRecruitmentTask/Pods-WeatherRecruitmentTask-frameworks-${CONFIGURATION}-output-files.xcfilelist",
			);
			runOnlyForDeploymentPostprocessing = 0;
			shellPath = /bin/sh;
			shellScript = "\"${PODS_ROOT}/Target Support Files/Pods-WeatherRecruitmentTask/Pods-WeatherRecruitmentTask-frameworks.sh\"\n";
			showEnvVarsInLog = 0;
		};
		54CEC03351D448973A9CB674 /* [CP] Check Pods Manifest.lock */ = {
			isa = PBXShellScriptBuildPhase;
			buildActionMask = 2147483647;
			files = (
			);
			inputFileListPaths = (
			);
			inputPaths = (
				"${PODS_PODFILE_DIR_PATH}/Podfile.lock",
				"${PODS_ROOT}/Manifest.lock",
			);
			name = "[CP] Check Pods Manifest.lock";
			outputFileListPaths = (
			);
			outputPaths = (
				"$(DERIVED_FILE_DIR)/Pods-WeatherRecruitmentTask-checkManifestLockResult.txt",
			);
			runOnlyForDeploymentPostprocessing = 0;
			shellPath = /bin/sh;
			shellScript = "diff \"${PODS_PODFILE_DIR_PATH}/Podfile.lock\" \"${PODS_ROOT}/Manifest.lock\" > /dev/null\nif [ $? != 0 ] ; then\n    # print error to STDERR\n    echo \"error: The sandbox is not in sync with the Podfile.lock. Run 'pod install' or update your CocoaPods installation.\" >&2\n    exit 1\nfi\n# This output is used by Xcode 'outputs' to avoid re-running this script phase.\necho \"SUCCESS\" > \"${SCRIPT_OUTPUT_FILE_0}\"\n";
			showEnvVarsInLog = 0;
		};
/* End PBXShellScriptBuildPhase section */

/* Begin PBXSourcesBuildPhase section */
		349564102A0D17DB00F3E0A2 /* Sources */ = {
			isa = PBXSourcesBuildPhase;
			buildActionMask = 2147483647;
			files = (
				3404B5002A1F640F00EBD2D8 /* Double+Int.swift in Sources */,
				3495641C2A0D17DB00F3E0A2 /* WelcomeViewController.swift in Sources */,
				3497E39D2A0E2A8D0048F8BE /* CityData.swift in Sources */,
				34AA73292A12288D0033D554 /* CellData.swift in Sources */,
				3497E3972A0E1FBB0048F8BE /* WeatherViewController.swift in Sources */,
				3497E3992A0E214B0048F8BE /* NetworkManager.swift in Sources */,
				349564182A0D17DB00F3E0A2 /* AppDelegate.swift in Sources */,
				3497E39F2A0E2B9C0048F8BE /* WeatherViewModel.swift in Sources */,
				3497E39B2A0E25B30048F8BE /* WeatherData.swift in Sources */,
				3495641A2A0D17DB00F3E0A2 /* SceneDelegate.swift in Sources */,
			);
			runOnlyForDeploymentPostprocessing = 0;
		};
/* End PBXSourcesBuildPhase section */

/* Begin PBXVariantGroup section */
		3495641D2A0D17DB00F3E0A2 /* Main.storyboard */ = {
			isa = PBXVariantGroup;
			children = (
				3495641E2A0D17DB00F3E0A2 /* Base */,
			);
			name = Main.storyboard;
			sourceTree = "<group>";
		};
		349564222A0D17DD00F3E0A2 /* LaunchScreen.storyboard */ = {
			isa = PBXVariantGroup;
			children = (
				349564232A0D17DD00F3E0A2 /* Base */,
			);
			name = LaunchScreen.storyboard;
			sourceTree = "<group>";
		};
/* End PBXVariantGroup section */

/* Begin XCBuildConfiguration section */
		349564262A0D17DD00F3E0A2 /* Debug */ = {
			isa = XCBuildConfiguration;
			buildSettings = {
				ALWAYS_SEARCH_USER_PATHS = NO;
				CLANG_ANALYZER_NONNULL = YES;
				CLANG_ANALYZER_NUMBER_OBJECT_CONVERSION = YES_AGGRESSIVE;
				CLANG_CXX_LANGUAGE_STANDARD = "gnu++20";
				CLANG_ENABLE_MODULES = YES;
				CLANG_ENABLE_OBJC_ARC = YES;
				CLANG_ENABLE_OBJC_WEAK = YES;
				CLANG_WARN_BLOCK_CAPTURE_AUTORELEASING = YES;
				CLANG_WARN_BOOL_CONVERSION = YES;
				CLANG_WARN_COMMA = YES;
				CLANG_WARN_CONSTANT_CONVERSION = YES;
				CLANG_WARN_DEPRECATED_OBJC_IMPLEMENTATIONS = YES;
				CLANG_WARN_DIRECT_OBJC_ISA_USAGE = YES_ERROR;
				CLANG_WARN_DOCUMENTATION_COMMENTS = YES;
				CLANG_WARN_EMPTY_BODY = YES;
				CLANG_WARN_ENUM_CONVERSION = YES;
				CLANG_WARN_INFINITE_RECURSION = YES;
				CLANG_WARN_INT_CONVERSION = YES;
				CLANG_WARN_NON_LITERAL_NULL_CONVERSION = YES;
				CLANG_WARN_OBJC_IMPLICIT_RETAIN_SELF = YES;
				CLANG_WARN_OBJC_LITERAL_CONVERSION = YES;
				CLANG_WARN_OBJC_ROOT_CLASS = YES_ERROR;
				CLANG_WARN_QUOTED_INCLUDE_IN_FRAMEWORK_HEADER = YES;
				CLANG_WARN_RANGE_LOOP_ANALYSIS = YES;
				CLANG_WARN_STRICT_PROTOTYPES = YES;
				CLANG_WARN_SUSPICIOUS_MOVE = YES;
				CLANG_WARN_UNGUARDED_AVAILABILITY = YES_AGGRESSIVE;
				CLANG_WARN_UNREACHABLE_CODE = YES;
				CLANG_WARN__DUPLICATE_METHOD_MATCH = YES;
				COPY_PHASE_STRIP = NO;
				DEBUG_INFORMATION_FORMAT = dwarf;
				ENABLE_STRICT_OBJC_MSGSEND = YES;
				ENABLE_TESTABILITY = YES;
				GCC_C_LANGUAGE_STANDARD = gnu11;
				GCC_DYNAMIC_NO_PIC = NO;
				GCC_NO_COMMON_BLOCKS = YES;
				GCC_OPTIMIZATION_LEVEL = 0;
				GCC_PREPROCESSOR_DEFINITIONS = (
					"DEBUG=1",
					"$(inherited)",
				);
				GCC_WARN_64_TO_32_BIT_CONVERSION = YES;
				GCC_WARN_ABOUT_RETURN_TYPE = YES_ERROR;
				GCC_WARN_UNDECLARED_SELECTOR = YES;
				GCC_WARN_UNINITIALIZED_AUTOS = YES_AGGRESSIVE;
				GCC_WARN_UNUSED_FUNCTION = YES;
				GCC_WARN_UNUSED_VARIABLE = YES;
				IPHONEOS_DEPLOYMENT_TARGET = 16.4;
				MTL_ENABLE_DEBUG_INFO = INCLUDE_SOURCE;
				MTL_FAST_MATH = YES;
				ONLY_ACTIVE_ARCH = YES;
				SDKROOT = iphoneos;
				SWIFT_ACTIVE_COMPILATION_CONDITIONS = DEBUG;
				SWIFT_OPTIMIZATION_LEVEL = "-Onone";
			};
			name = Debug;
		};
		349564272A0D17DD00F3E0A2 /* Release */ = {
			isa = XCBuildConfiguration;
			buildSettings = {
				ALWAYS_SEARCH_USER_PATHS = NO;
				CLANG_ANALYZER_NONNULL = YES;
				CLANG_ANALYZER_NUMBER_OBJECT_CONVERSION = YES_AGGRESSIVE;
				CLANG_CXX_LANGUAGE_STANDARD = "gnu++20";
				CLANG_ENABLE_MODULES = YES;
				CLANG_ENABLE_OBJC_ARC = YES;
				CLANG_ENABLE_OBJC_WEAK = YES;
				CLANG_WARN_BLOCK_CAPTURE_AUTORELEASING = YES;
				CLANG_WARN_BOOL_CONVERSION = YES;
				CLANG_WARN_COMMA = YES;
				CLANG_WARN_CONSTANT_CONVERSION = YES;
				CLANG_WARN_DEPRECATED_OBJC_IMPLEMENTATIONS = YES;
				CLANG_WARN_DIRECT_OBJC_ISA_USAGE = YES_ERROR;
				CLANG_WARN_DOCUMENTATION_COMMENTS = YES;
				CLANG_WARN_EMPTY_BODY = YES;
				CLANG_WARN_ENUM_CONVERSION = YES;
				CLANG_WARN_INFINITE_RECURSION = YES;
				CLANG_WARN_INT_CONVERSION = YES;
				CLANG_WARN_NON_LITERAL_NULL_CONVERSION = YES;
				CLANG_WARN_OBJC_IMPLICIT_RETAIN_SELF = YES;
				CLANG_WARN_OBJC_LITERAL_CONVERSION = YES;
				CLANG_WARN_OBJC_ROOT_CLASS = YES_ERROR;
				CLANG_WARN_QUOTED_INCLUDE_IN_FRAMEWORK_HEADER = YES;
				CLANG_WARN_RANGE_LOOP_ANALYSIS = YES;
				CLANG_WARN_STRICT_PROTOTYPES = YES;
				CLANG_WARN_SUSPICIOUS_MOVE = YES;
				CLANG_WARN_UNGUARDED_AVAILABILITY = YES_AGGRESSIVE;
				CLANG_WARN_UNREACHABLE_CODE = YES;
				CLANG_WARN__DUPLICATE_METHOD_MATCH = YES;
				COPY_PHASE_STRIP = NO;
				DEBUG_INFORMATION_FORMAT = "dwarf-with-dsym";
				ENABLE_NS_ASSERTIONS = NO;
				ENABLE_STRICT_OBJC_MSGSEND = YES;
				GCC_C_LANGUAGE_STANDARD = gnu11;
				GCC_NO_COMMON_BLOCKS = YES;
				GCC_WARN_64_TO_32_BIT_CONVERSION = YES;
				GCC_WARN_ABOUT_RETURN_TYPE = YES_ERROR;
				GCC_WARN_UNDECLARED_SELECTOR = YES;
				GCC_WARN_UNINITIALIZED_AUTOS = YES_AGGRESSIVE;
				GCC_WARN_UNUSED_FUNCTION = YES;
				GCC_WARN_UNUSED_VARIABLE = YES;
				IPHONEOS_DEPLOYMENT_TARGET = 16.4;
				MTL_ENABLE_DEBUG_INFO = NO;
				MTL_FAST_MATH = YES;
				SDKROOT = iphoneos;
				SWIFT_COMPILATION_MODE = wholemodule;
				SWIFT_OPTIMIZATION_LEVEL = "-O";
				VALIDATE_PRODUCT = YES;
			};
			name = Release;
		};
		349564292A0D17DD00F3E0A2 /* Debug */ = {
			isa = XCBuildConfiguration;
			baseConfigurationReference = 0EFDA7768C86D9CB4BA7649D /* Pods-WeatherRecruitmentTask.debug.xcconfig */;
			buildSettings = {
				ASSETCATALOG_COMPILER_APPICON_NAME = AppIcon;
				ASSETCATALOG_COMPILER_GLOBAL_ACCENT_COLOR_NAME = AccentColor;
				CODE_SIGN_STYLE = Automatic;
				CURRENT_PROJECT_VERSION = 1;
				DEVELOPMENT_TEAM = CMJ553K76W;
				GENERATE_INFOPLIST_FILE = YES;
				INFOPLIST_FILE = WeatherRecruitmentTask/Info.plist;
				INFOPLIST_KEY_CFBundleDisplayName = Recruitment;
				INFOPLIST_KEY_UIApplicationSupportsIndirectInputEvents = YES;
				INFOPLIST_KEY_UILaunchStoryboardName = LaunchScreen;
				INFOPLIST_KEY_UIMainStoryboardFile = Main;
				INFOPLIST_KEY_UISupportedInterfaceOrientations = "UIInterfaceOrientationLandscapeLeft UIInterfaceOrientationLandscapeRight UIInterfaceOrientationPortrait";
				INFOPLIST_KEY_UISupportedInterfaceOrientations_iPad = "UIInterfaceOrientationLandscapeLeft UIInterfaceOrientationLandscapeRight UIInterfaceOrientationPortrait UIInterfaceOrientationPortraitUpsideDown";
				LD_RUNPATH_SEARCH_PATHS = (
					"$(inherited)",
					"@executable_path/Frameworks",
				);
				MARKETING_VERSION = 1.0;
				PRODUCT_BUNDLE_IDENTIFIER = ga.bartminski.WeatherRecruitmentTask;
				PRODUCT_NAME = "$(TARGET_NAME)";
				SWIFT_EMIT_LOC_STRINGS = YES;
				SWIFT_VERSION = 5.0;
				TARGETED_DEVICE_FAMILY = "1,2";
			};
			name = Debug;
		};
		3495642A2A0D17DD00F3E0A2 /* Release */ = {
			isa = XCBuildConfiguration;
			baseConfigurationReference = C53AF2DF24A07574BB56F2CF /* Pods-WeatherRecruitmentTask.release.xcconfig */;
			buildSettings = {
				ASSETCATALOG_COMPILER_APPICON_NAME = AppIcon;
				ASSETCATALOG_COMPILER_GLOBAL_ACCENT_COLOR_NAME = AccentColor;
				CODE_SIGN_STYLE = Automatic;
				CURRENT_PROJECT_VERSION = 1;
				DEVELOPMENT_TEAM = CMJ553K76W;
				GENERATE_INFOPLIST_FILE = YES;
				INFOPLIST_FILE = WeatherRecruitmentTask/Info.plist;
				INFOPLIST_KEY_CFBundleDisplayName = Recruitment;
				INFOPLIST_KEY_UIApplicationSupportsIndirectInputEvents = YES;
				INFOPLIST_KEY_UILaunchStoryboardName = LaunchScreen;
				INFOPLIST_KEY_UIMainStoryboardFile = Main;
				INFOPLIST_KEY_UISupportedInterfaceOrientations = "UIInterfaceOrientationLandscapeLeft UIInterfaceOrientationLandscapeRight UIInterfaceOrientationPortrait";
				INFOPLIST_KEY_UISupportedInterfaceOrientations_iPad = "UIInterfaceOrientationLandscapeLeft UIInterfaceOrientationLandscapeRight UIInterfaceOrientationPortrait UIInterfaceOrientationPortraitUpsideDown";
				LD_RUNPATH_SEARCH_PATHS = (
					"$(inherited)",
					"@executable_path/Frameworks",
				);
				MARKETING_VERSION = 1.0;
				PRODUCT_BUNDLE_IDENTIFIER = ga.bartminski.WeatherRecruitmentTask;
				PRODUCT_NAME = "$(TARGET_NAME)";
				SWIFT_EMIT_LOC_STRINGS = YES;
				SWIFT_VERSION = 5.0;
				TARGETED_DEVICE_FAMILY = "1,2";
			};
			name = Release;
		};
/* End XCBuildConfiguration section */

/* Begin XCConfigurationList section */
		3495640F2A0D17DB00F3E0A2 /* Build configuration list for PBXProject "WeatherRecruitmentTask" */ = {
			isa = XCConfigurationList;
			buildConfigurations = (
				349564262A0D17DD00F3E0A2 /* Debug */,
				349564272A0D17DD00F3E0A2 /* Release */,
			);
			defaultConfigurationIsVisible = 0;
			defaultConfigurationName = Release;
		};
		349564282A0D17DD00F3E0A2 /* Build configuration list for PBXNativeTarget "WeatherRecruitmentTask" */ = {
			isa = XCConfigurationList;
			buildConfigurations = (
				349564292A0D17DD00F3E0A2 /* Debug */,
				3495642A2A0D17DD00F3E0A2 /* Release */,
			);
			defaultConfigurationIsVisible = 0;
			defaultConfigurationName = Release;
		};
/* End XCConfigurationList section */
	};
	rootObject = 3495640C2A0D17DB00F3E0A2 /* Project object */;
}
